
Microsoft Visual Studio Solution File, Format Version 12.00
# Visual Studio 15
VisualStudioVersion = 15.0.26403.7
MinimumVisualStudioVersion = 10.0.40219.1
Project("{2150E333-8FDC-42A3-9474-1A3956D46DE8}") = "src", "src", "{BF13F776-A13C-4CB6-88DB-551BC82CEFE5}"
EndProject
Project("{2150E333-8FDC-42A3-9474-1A3956D46DE8}") = "tests", "tests", "{C69AFD5D-AB53-4366-B5D8-BD7626329E2A}"
EndProject
Project("{9A19103F-16F7-4668-BE54-9A1E7A4F7556}") = "CollectionDifferencesLibrary", "src\CollectionDifferencesLibrary\CollectionDifferencesLibrary.csproj", "{60AF4E67-E155-4C6B-83D0-AA6359A53189}"
EndProject
Project("{FAE04EC0-301F-11D3-BF4B-00C04F79EFBC}") = "CollectionDifferencesLibrary.Tests", "tests\CollectionDifferencesLibrary.Tests\CollectionDifferencesLibrary.Tests.csproj", "{83D0BF1A-33C2-47F5-8A7D-C1B632F97813}"
EndProject
Global
	GlobalSection(SolutionConfigurationPlatforms) = preSolution
		Debug|Any CPU = Debug|Any CPU
		Release|Any CPU = Release|Any CPU
	EndGlobalSection
	GlobalSection(ProjectConfigurationPlatforms) = postSolution
		{60AF4E67-E155-4C6B-83D0-AA6359A53189}.Debug|Any CPU.ActiveCfg = Debug|Any CPU
		{60AF4E67-E155-4C6B-83D0-AA6359A53189}.Debug|Any CPU.Build.0 = Debug|Any CPU
		{60AF4E67-E155-4C6B-83D0-AA6359A53189}.Release|Any CPU.ActiveCfg = Release|Any CPU
		{60AF4E67-E155-4C6B-83D0-AA6359A53189}.Release|Any CPU.Build.0 = Release|Any CPU
		{83D0BF1A-33C2-47F5-8A7D-C1B632F97813}.Debug|Any CPU.ActiveCfg = Debug|Any CPU
		{83D0BF1A-33C2-47F5-8A7D-C1B632F97813}.Debug|Any CPU.Build.0 = Debug|Any CPU
		{83D0BF1A-33C2-47F5-8A7D-C1B632F97813}.Release|Any CPU.ActiveCfg = Release|Any CPU
		{83D0BF1A-33C2-47F5-8A7D-C1B632F97813}.Release|Any CPU.Build.0 = Release|Any CPU
	EndGlobalSection
	GlobalSection(SolutionProperties) = preSolution
		HideSolutionNode = FALSE
	EndGlobalSection
	GlobalSection(NestedProjects) = preSolution
		{60AF4E67-E155-4C6B-83D0-AA6359A53189} = {BF13F776-A13C-4CB6-88DB-551BC82CEFE5}
		{83D0BF1A-33C2-47F5-8A7D-C1B632F97813} = {C69AFD5D-AB53-4366-B5D8-BD7626329E2A}
	EndGlobalSection
EndGlobal
